
Microsoft Visual Studio Solution File, Format Version 12.00
# Visual Studio Version 16
VisualStudioVersion = 16.0.30002.166
MinimumVisualStudioVersion = 10.0.40219.1
Project("{FAE04EC0-301F-11D3-BF4B-00C04F79EFBC}") = "SPRAK.WPF", "SPRAK_App\SPRAK.WPF.csproj", "{ECC0B523-81D5-412F-9D72-C89AF046F4F9}"
EndProject
Project("{FAE04EC0-301F-11D3-BF4B-00C04F79EFBC}") = "SPRAK.Domain", "SPRAK.Domain\SPRAK.Domain.csproj", "{F0CFF3C0-C873-4B15-99CA-3C9B1FC20F8A}"
EndProject
Project("{FAE04EC0-301F-11D3-BF4B-00C04F79EFBC}") = "SPRAK.Infrastructure", "SPRAK.Infrastructure\SPRAK.Infrastructure.csproj", "{A8E4EABC-A3E6-4A01-A0CB-366D9F738A83}"
EndProject
Project("{FAE04EC0-301F-11D3-BF4B-00C04F79EFBC}") = "SPRAKTest.Tests", "SPRAKTest.Tests\SPRAKTest.Tests.csproj", "{AE458F5E-CBC4-4718-8481-B4A8633F8EA8}"
EndProject
Global
	GlobalSection(SolutionConfigurationPlatforms) = preSolution
		Debug|Any CPU = Debug|Any CPU
		Release|Any CPU = Release|Any CPU
	EndGlobalSection
	GlobalSection(ProjectConfigurationPlatforms) = postSolution
		{ECC0B523-81D5-412F-9D72-C89AF046F4F9}.Debug|Any CPU.ActiveCfg = Debug|Any CPU
		{ECC0B523-81D5-412F-9D72-C89AF046F4F9}.Debug|Any CPU.Build.0 = Debug|Any CPU
		{ECC0B523-81D5-412F-9D72-C89AF046F4F9}.Release|Any CPU.ActiveCfg = Release|Any CPU
		{ECC0B523-81D5-412F-9D72-C89AF046F4F9}.Release|Any CPU.Build.0 = Release|Any CPU
		{F0CFF3C0-C873-4B15-99CA-3C9B1FC20F8A}.Debug|Any CPU.ActiveCfg = Debug|Any CPU
		{F0CFF3C0-C873-4B15-99CA-3C9B1FC20F8A}.Debug|Any CPU.Build.0 = Debug|Any CPU
		{F0CFF3C0-C873-4B15-99CA-3C9B1FC20F8A}.Release|Any CPU.ActiveCfg = Release|Any CPU
		{F0CFF3C0-C873-4B15-99CA-3C9B1FC20F8A}.Release|Any CPU.Build.0 = Release|Any CPU
		{A8E4EABC-A3E6-4A01-A0CB-366D9F738A83}.Debug|Any CPU.ActiveCfg = Debug|Any CPU
		{A8E4EABC-A3E6-4A01-A0CB-366D9F738A83}.Debug|Any CPU.Build.0 = Debug|Any CPU
		{A8E4EABC-A3E6-4A01-A0CB-366D9F738A83}.Release|Any CPU.ActiveCfg = Release|Any CPU
		{A8E4EABC-A3E6-4A01-A0CB-366D9F738A83}.Release|Any CPU.Build.0 = Release|Any CPU
		{AE458F5E-CBC4-4718-8481-B4A8633F8EA8}.Debug|Any CPU.ActiveCfg = Debug|Any CPU
		{AE458F5E-CBC4-4718-8481-B4A8633F8EA8}.Debug|Any CPU.Build.0 = Debug|Any CPU
		{AE458F5E-CBC4-4718-8481-B4A8633F8EA8}.Release|Any CPU.ActiveCfg = Release|Any CPU
		{AE458F5E-CBC4-4718-8481-B4A8633F8EA8}.Release|Any CPU.Build.0 = Release|Any CPU
	EndGlobalSection
	GlobalSection(SolutionProperties) = preSolution
		HideSolutionNode = FALSE
	EndGlobalSection
	GlobalSection(ExtensibilityGlobals) = postSolution
		SolutionGuid = {E48F4536-DC0F-4EF2-B900-853883B3964A}
	EndGlobalSection
EndGlobal
